
Microsoft Visual Studio Solution File, Format Version 12.00
# Visual Studio Version 17
VisualStudioVersion = 17.0.32112.339
MinimumVisualStudioVersion = 10.0.40219.1
Project("{FAE04EC0-301F-11D3-BF4B-00C04F79EFBC}") = "BulkyWeb", "BulkyWeb\BulkyWeb.csproj", "{370F76AA-24E0-4FDB-922D-540B07DC882C}"
EndProject
Global
	GlobalSection(SolutionConfigurationPlatforms) = preSolution
		Debug|Any CPU = Debug|Any CPU
		Release|Any CPU = Release|Any CPU
	EndGlobalSection
	GlobalSection(ProjectConfigurationPlatforms) = postSolution
		{370F76AA-24E0-4FDB-922D-540B07DC882C}.Debug|Any CPU.ActiveCfg = Debug|Any CPU
		{370F76AA-24E0-4FDB-922D-540B07DC882C}.Debug|Any CPU.Build.0 = Debug|Any CPU
		{370F76AA-24E0-4FDB-922D-540B07DC882C}.Release|Any CPU.ActiveCfg = Release|Any CPU
		{370F76AA-24E0-4FDB-922D-540B07DC882C}.Release|Any CPU.Build.0 = Release|Any CPU
	EndGlobalSection
	GlobalSection(SolutionProperties) = preSolution
		HideSolutionNode = FALSE
	EndGlobalSection
	GlobalSection(ExtensibilityGlobals) = postSolution
		SolutionGuid = {F8D6115D-FBC5-45BA-AD21-38A03F461BF2}
	EndGlobalSection
EndGlobal
